
Microsoft Visual Studio Solution File, Format Version 12.00
# Visual Studio Version 17
VisualStudioVersion = 17.10.34928.147
MinimumVisualStudioVersion = 10.0.40219.1
Project("{9A19103F-16F7-4668-BE54-9A1E7A4F7556}") = "UnitTestingTask", "UnitTestingTask\UnitTestingTask.csproj", "{3B227F7D-93B5-415F-BF0A-87C0DFB5A3F6}"
EndProject
Project("{9A19103F-16F7-4668-BE54-9A1E7A4F7556}") = "UnitTestingTaskTests", "UnitTestingTaskTests\UnitTestingTaskTests.csproj", "{71698A6E-152A-4184-8315-4D4F7A0DA7F7}"
EndProject
Global
	GlobalSection(SolutionConfigurationPlatforms) = preSolution
		Debug|Any CPU = Debug|Any CPU
		Release|Any CPU = Release|Any CPU
	EndGlobalSection
	GlobalSection(ProjectConfigurationPlatforms) = postSolution
		{3B227F7D-93B5-415F-BF0A-87C0DFB5A3F6}.Debug|Any CPU.ActiveCfg = Debug|Any CPU
		{3B227F7D-93B5-415F-BF0A-87C0DFB5A3F6}.Debug|Any CPU.Build.0 = Debug|Any CPU
		{3B227F7D-93B5-415F-BF0A-87C0DFB5A3F6}.Release|Any CPU.ActiveCfg = Release|Any CPU
		{3B227F7D-93B5-415F-BF0A-87C0DFB5A3F6}.Release|Any CPU.Build.0 = Release|Any CPU
		{71698A6E-152A-4184-8315-4D4F7A0DA7F7}.Debug|Any CPU.ActiveCfg = Debug|Any CPU
		{71698A6E-152A-4184-8315-4D4F7A0DA7F7}.Debug|Any CPU.Build.0 = Debug|Any CPU
		{71698A6E-152A-4184-8315-4D4F7A0DA7F7}.Release|Any CPU.ActiveCfg = Release|Any CPU
		{71698A6E-152A-4184-8315-4D4F7A0DA7F7}.Release|Any CPU.Build.0 = Release|Any CPU
	EndGlobalSection
	GlobalSection(SolutionProperties) = preSolution
		HideSolutionNode = FALSE
	EndGlobalSection
	GlobalSection(ExtensibilityGlobals) = postSolution
		SolutionGuid = {83954D96-D25A-4EAD-92F2-AF5CA62D5C8C}
	EndGlobalSection
EndGlobal
